
Microsoft Visual Studio Solution File, Format Version 12.00
# Visual Studio Version 18
VisualStudioVersion = 18.8.12021.73 stable
MinimumVisualStudioVersion = 10.0.40219.1
Project("{9A19103F-16F7-4668-BE54-9A1E7A4F7556}") = "Oi", "Oi\Oi.csproj", "{3C87E4DF-173C-4E23-87DB-8DFE76DBF416}"
EndProject
Project("{2150E333-8FDC-42A3-9474-1A3956D46DE8}") = "Solution Items", "Solution Items", "{22812158-FB81-46BA-BD2D-A4D80DCE4B74}"
	ProjectSection(SolutionItems) = preProject
		.editorconfig = .editorconfig
	EndProjectSection
EndProject
Global
	GlobalSection(SolutionConfigurationPlatforms) = preSolution
		Debug R25|Any CPU = Debug R25|Any CPU
		Debug R26|Any CPU = Debug R26|Any CPU
		Debug R27|Any CPU = Debug R27|Any CPU
		Release R25|Any CPU = Release R25|Any CPU
		Release R26|Any CPU = Release R26|Any CPU
		Release R27|Any CPU = Release R27|Any CPU
	EndGlobalSection
	GlobalSection(ProjectConfigurationPlatforms) = postSolution
		{3C87E4DF-173C-4E23-87DB-8DFE76DBF416}.Debug R25|Any CPU.ActiveCfg = Debug R25|Any CPU
		{3C87E4DF-173C-4E23-87DB-8DFE76DBF416}.Debug R25|Any CPU.Build.0 = Debug R25|Any CPU
		{3C87E4DF-173C-4E23-87DB-8DFE76DBF416}.Debug R26|Any CPU.ActiveCfg = Debug R26|Any CPU
		{3C87E4DF-173C-4E23-87DB-8DFE76DBF416}.Debug R26|Any CPU.Build.0 = Debug R26|Any CPU
		{3C87E4DF-173C-4E23-87DB-8DFE76DBF416}.Debug R27|Any CPU.ActiveCfg = Debug R27|Any CPU
		{3C87E4DF-173C-4E23-87DB-8DFE76DBF416}.Debug R27|Any CPU.Build.0 = Debug R27|Any CPU
		{3C87E4DF-173C-4E23-87DB-8DFE76DBF416}.Release R25|Any CPU.ActiveCfg = Release R25|Any CPU
		{3C87E4DF-173C-4E23-87DB-8DFE76DBF416}.Release R25|Any CPU.Build.0 = Release R25|Any CPU
		{3C87E4DF-173C-4E23-87DB-8DFE76DBF416}.Release R26|Any CPU.ActiveCfg = Release R26|Any CPU
		{3C87E4DF-173C-4E23-87DB-8DFE76DBF416}.Release R26|Any CPU.Build.0 = Release R26|Any CPU
		{3C87E4DF-173C-4E23-87DB-8DFE76DBF416}.Release R27|Any CPU.ActiveCfg = Release R27|Any CPU
		{3C87E4DF-173C-4E23-87DB-8DFE76DBF416}.Release R27|Any CPU.Build.0 = Release R27|Any CPU
	EndGlobalSection
	GlobalSection(SolutionProperties) = preSolution
		HideSolutionNode = FALSE
	EndGlobalSection
	GlobalSection(ExtensibilityGlobals) = postSolution
		SolutionGuid = {D45C48EB-2A87-45FC-AF9A-F773DA6F8465}
	EndGlobalSection
EndGlobal
